
Microsoft Visual Studio Solution File, Format Version 12.00
# Visual Studio Version 16
VisualStudioVersion = 16.0.29403.142
MinimumVisualStudioVersion = 10.0.40219.1
Project("{9A19103F-16F7-4668-BE54-9A1E7A4F7556}") = "Sparks.Components.Blazor", "Sparks.Components.Blazor\Sparks.Components.Blazor.csproj", "{F38A43F5-BB63-454F-92C7-5840DA15B1F4}"
EndProject
Project("{9A19103F-16F7-4668-BE54-9A1E7A4F7556}") = "Sparks.Components.Blazor.Tests", "Sparks.Components.Blazor.Tests\Sparks.Components.Blazor.Tests.csproj", "{25127063-42E8-4320-9381-0F1834CA06CC}"
EndProject
Global
	GlobalSection(SolutionConfigurationPlatforms) = preSolution
		Debug|Any CPU = Debug|Any CPU
		Release|Any CPU = Release|Any CPU
	EndGlobalSection
	GlobalSection(ProjectConfigurationPlatforms) = postSolution
		{F38A43F5-BB63-454F-92C7-5840DA15B1F4}.Debug|Any CPU.ActiveCfg = Debug|Any CPU
		{F38A43F5-BB63-454F-92C7-5840DA15B1F4}.Debug|Any CPU.Build.0 = Debug|Any CPU
		{F38A43F5-BB63-454F-92C7-5840DA15B1F4}.Release|Any CPU.ActiveCfg = Release|Any CPU
		{F38A43F5-BB63-454F-92C7-5840DA15B1F4}.Release|Any CPU.Build.0 = Release|Any CPU
		{25127063-42E8-4320-9381-0F1834CA06CC}.Debug|Any CPU.ActiveCfg = Debug|Any CPU
		{25127063-42E8-4320-9381-0F1834CA06CC}.Debug|Any CPU.Build.0 = Debug|Any CPU
		{25127063-42E8-4320-9381-0F1834CA06CC}.Release|Any CPU.ActiveCfg = Release|Any CPU
		{25127063-42E8-4320-9381-0F1834CA06CC}.Release|Any CPU.Build.0 = Release|Any CPU
	EndGlobalSection
	GlobalSection(SolutionProperties) = preSolution
		HideSolutionNode = FALSE
	EndGlobalSection
	GlobalSection(ExtensibilityGlobals) = postSolution
		SolutionGuid = {D8946FFD-6C79-456A-87C2-CCAEB7820600}
	EndGlobalSection
EndGlobal
